<Solution>
  <Configurations>
    <BuildType Name="Debug" />
    <BuildType Name="Debug.R22" />
    <BuildType Name="Debug.R23" />
    <BuildType Name="Debug.R24" />
    <BuildType Name="Debug.R25" />
    <BuildType Name="Debug.R26" />
    <BuildType Name="Release" />
    <BuildType Name="Release.R22" />
    <BuildType Name="Release.R23" />
    <BuildType Name="Release.R24" />
    <BuildType Name="Release.R25" />
    <BuildType Name="Release.R26" />
  </Configurations>
  <Folder Name="/Automation/">
    <Project Path="build/Build.csproj">
      <BuildType Solution="Debug.R22|*" Project="Debug" />
      <BuildType Solution="Debug.R23|*" Project="Debug" />
      <BuildType Solution="Debug.R24|*" Project="Debug" />
      <BuildType Solution="Debug.R25|*" Project="Debug" />
      <BuildType Solution="Debug.R26|*" Project="Debug" />
      <BuildType Solution="Release.R22|*" Project="Release" />
      <BuildType Solution="Release.R23|*" Project="Release" />
      <BuildType Solution="Release.R24|*" Project="Release" />
      <BuildType Solution="Release.R25|*" Project="Release" />
      <BuildType Solution="Release.R26|*" Project="Release" />
      <Build Solution="Debug.R22|*" Project="false" />
      <Build Solution="Debug.R23|*" Project="false" />
      <Build Solution="Debug.R24|*" Project="false" />
      <Build Solution="Debug.R25|*" Project="false" />
      <Build Solution="Debug.R26|*" Project="false" />
      <Build Solution="Release.R22|*" Project="false" />
      <Build Solution="Release.R23|*" Project="false" />
      <Build Solution="Release.R24|*" Project="false" />
      <Build Solution="Release.R25|*" Project="false" />
      <Build Solution="Release.R26|*" Project="false" />
    </Project>
    <Project Path="install/Installer.csproj">
      <BuildType Solution="Debug.R22|*" Project="Debug" />
      <BuildType Solution="Debug.R23|*" Project="Debug" />
      <BuildType Solution="Debug.R24|*" Project="Debug" />
      <BuildType Solution="Debug.R25|*" Project="Debug" />
      <BuildType Solution="Debug.R26|*" Project="Debug" />
      <BuildType Solution="Release.R22|*" Project="Release" />
      <BuildType Solution="Release.R23|*" Project="Release" />
      <BuildType Solution="Release.R24|*" Project="Release" />
      <BuildType Solution="Release.R25|*" Project="Release" />
      <BuildType Solution="Release.R26|*" Project="Release" />
      <Build Solution="Debug.R22|*" Project="false" />
      <Build Solution="Debug.R23|*" Project="false" />
      <Build Solution="Debug.R24|*" Project="false" />
      <Build Solution="Debug.R25|*" Project="false" />
      <Build Solution="Debug.R26|*" Project="false" />
      <Build Solution="Release.R22|*" Project="false" />
      <Build Solution="Release.R23|*" Project="false" />
      <Build Solution="Release.R24|*" Project="false" />
      <Build Solution="Release.R25|*" Project="false" />
      <Build Solution="Release.R26|*" Project="false" />
    </Project>
  </Folder>
  <Folder Name="/Solution Items/">
    <File Path=".gitignore" />
    <File Path="build/appsettings.json" />
    <File Path="Changelog.md" />
    <File Path="Readme.md" />
  </Folder>
  <Project Path="PPVCREVIT/PPVCREVIT.csproj">
    <BuildType Solution="Debug|*" Project="Debug.R22" />
    <BuildType Solution="Release|*" Project="Release.R22" />
  </Project>
</Solution>
